// !$*UTF8*$!
{
	archiveVersion = 1;
	classes = {
	};
	objectVersion = 56;
	objects = {

/* Begin PBXBuildFile section */
		F724E31C29B0E8CA006C9B9E /* ToDoAppApp.swift in Sources */ = {isa = PBXBuildFile; fileRef = F724E31B29B0E8CA006C9B9E /* ToDoAppApp.swift */; };
		F724E31E29B0E8CA006C9B9E /* ContentView.swift in Sources */ = {isa = PBXBuildFile; fileRef = F724E31D29B0E8CA006C9B9E /* ContentView.swift */; };
		F724E32029B0E8CC006C9B9E /* Assets.xcassets in Resources */ = {isa = PBXBuildFile; fileRef = F724E31F29B0E8CC006C9B9E /* Assets.xcassets */; };
		F724E32329B0E8CC006C9B9E /* Preview Assets.xcassets in Resources */ = {isa = PBXBuildFile; fileRef = F724E32229B0E8CC006C9B9E /* Preview Assets.xcassets */; };
		F724E32D29B0E8CC006C9B9E /* ToDoAppTests.swift in Sources */ = {isa = PBXBuildFile; fileRef = F724E32C29B0E8CC006C9B9E /* ToDoAppTests.swift */; };
		F724E33729B0E8CC006C9B9E /* ToDoAppUITests.swift in Sources */ = {isa = PBXBuildFile; fileRef = F724E33629B0E8CC006C9B9E /* ToDoAppUITests.swift */; };
		F724E33929B0E8CC006C9B9E /* ToDoAppUITestsLaunchTests.swift in Sources */ = {isa = PBXBuildFile; fileRef = F724E33829B0E8CC006C9B9E /* ToDoAppUITestsLaunchTests.swift */; };
		F724E34B29B0EBD3006C9B9E /* MainPageView.swift in Sources */ = {isa = PBXBuildFile; fileRef = F724E34A29B0EBD3006C9B9E /* MainPageView.swift */; };
		F724E34D29B0EBE1006C9B9E /* SettingsView.swift in Sources */ = {isa = PBXBuildFile; fileRef = F724E34C29B0EBE1006C9B9E /* SettingsView.swift */; };
		F724E34F29B0EBF2006C9B9E /* CreateView.swift in Sources */ = {isa = PBXBuildFile; fileRef = F724E34E29B0EBF2006C9B9E /* CreateView.swift */; };
		F724E35129B0EC00006C9B9E /* EditView.swift in Sources */ = {isa = PBXBuildFile; fileRef = F724E35029B0EC00006C9B9E /* EditView.swift */; };
		F724E35429B0ECC7006C9B9E /* NavigationBarView.swift in Sources */ = {isa = PBXBuildFile; fileRef = F724E35329B0ECC7006C9B9E /* NavigationBarView.swift */; };
		F724E35629B0EF05006C9B9E /* TitleView.swift in Sources */ = {isa = PBXBuildFile; fileRef = F724E35529B0EF05006C9B9E /* TitleView.swift */; };
		F724E35829B0EF53006C9B9E /* CardView.swift in Sources */ = {isa = PBXBuildFile; fileRef = F724E35729B0EF53006C9B9E /* CardView.swift */; };
		F724E35E29B0F380006C9B9E /* IconViewModifier.swift in Sources */ = {isa = PBXBuildFile; fileRef = F724E35D29B0F380006C9B9E /* IconViewModifier.swift */; };
		F724E36029B0F67C006C9B9E /* CheckBoxView.swift in Sources */ = {isa = PBXBuildFile; fileRef = F724E35F29B0F67C006C9B9E /* CheckBoxView.swift */; };
		F724E36229B10967006C9B9E /* TaskAPI.swift in Sources */ = {isa = PBXBuildFile; fileRef = F724E36129B10967006C9B9E /* TaskAPI.swift */; };
		F724E36429B10983006C9B9E /* TaskModel.swift in Sources */ = {isa = PBXBuildFile; fileRef = F724E36329B10983006C9B9E /* TaskModel.swift */; };
		F7AAE9C929B1289D00F87C7C /* TaskViewModel.swift in Sources */ = {isa = PBXBuildFile; fileRef = F7AAE9C829B1289D00F87C7C /* TaskViewModel.swift */; };
/* End PBXBuildFile section */

/* Begin PBXContainerItemProxy section */
		F724E32929B0E8CC006C9B9E /* PBXContainerItemProxy */ = {
			isa = PBXContainerItemProxy;
			containerPortal = F724E31029B0E8CA006C9B9E /* Project object */;
			proxyType = 1;
			remoteGlobalIDString = F724E31729B0E8CA006C9B9E;
			remoteInfo = ToDoApp;
		};
		F724E33329B0E8CC006C9B9E /* PBXContainerItemProxy */ = {
			isa = PBXContainerItemProxy;
			containerPortal = F724E31029B0E8CA006C9B9E /* Project object */;
			proxyType = 1;
			remoteGlobalIDString = F724E31729B0E8CA006C9B9E;
			remoteInfo = ToDoApp;
		};
/* End PBXContainerItemProxy section */

/* Begin PBXFileReference section */
		F724E31829B0E8CA006C9B9E /* ToDoApp.app */ = {isa = PBXFileReference; explicitFileType = wrapper.application; includeInIndex = 0; path = ToDoApp.app; sourceTree = BUILT_PRODUCTS_DIR; };
		F724E31B29B0E8CA006C9B9E /* ToDoAppApp.swift */ = {isa = PBXFileReference; lastKnownFileType = sourcecode.swift; path = ToDoAppApp.swift; sourceTree = "<group>"; };
		F724E31D29B0E8CA006C9B9E /* ContentView.swift */ = {isa = PBXFileReference; lastKnownFileType = sourcecode.swift; path = ContentView.swift; sourceTree = "<group>"; };
		F724E31F29B0E8CC006C9B9E /* Assets.xcassets */ = {isa = PBXFileReference; lastKnownFileType = folder.assetcatalog; path = Assets.xcassets; sourceTree = "<group>"; };
		F724E32229B0E8CC006C9B9E /* Preview Assets.xcassets */ = {isa = PBXFileReference; lastKnownFileType = folder.assetcatalog; path = "Preview Assets.xcassets"; sourceTree = "<group>"; };
		F724E32829B0E8CC006C9B9E /* ToDoAppTests.xctest */ = {isa = PBXFileReference; explicitFileType = wrapper.cfbundle; includeInIndex = 0; path = ToDoAppTests.xctest; sourceTree = BUILT_PRODUCTS_DIR; };
		F724E32C29B0E8CC006C9B9E /* ToDoAppTests.swift */ = {isa = PBXFileReference; lastKnownFileType = sourcecode.swift; path = ToDoAppTests.swift; sourceTree = "<group>"; };
		F724E33229B0E8CC006C9B9E /* ToDoAppUITests.xctest */ = {isa = PBXFileReference; explicitFileType = wrapper.cfbundle; includeInIndex = 0; path = ToDoAppUITests.xctest; sourceTree = BUILT_PRODUCTS_DIR; };
		F724E33629B0E8CC006C9B9E /* ToDoAppUITests.swift */ = {isa = PBXFileReference; lastKnownFileType = sourcecode.swift; path = ToDoAppUITests.swift; sourceTree = "<group>"; };
		F724E33829B0E8CC006C9B9E /* ToDoAppUITestsLaunchTests.swift */ = {isa = PBXFileReference; lastKnownFileType = sourcecode.swift; path = ToDoAppUITestsLaunchTests.swift; sourceTree = "<group>"; };
		F724E34A29B0EBD3006C9B9E /* MainPageView.swift */ = {isa = PBXFileReference; lastKnownFileType = sourcecode.swift; path = MainPageView.swift; sourceTree = "<group>"; };
		F724E34C29B0EBE1006C9B9E /* SettingsView.swift */ = {isa = PBXFileReference; lastKnownFileType = sourcecode.swift; path = SettingsView.swift; sourceTree = "<group>"; };
		F724E34E29B0EBF2006C9B9E /* CreateView.swift */ = {isa = PBXFileReference; lastKnownFileType = sourcecode.swift; path = CreateView.swift; sourceTree = "<group>"; };
		F724E35029B0EC00006C9B9E /* EditView.swift */ = {isa = PBXFileReference; lastKnownFileType = sourcecode.swift; path = EditView.swift; sourceTree = "<group>"; };
		F724E35329B0ECC7006C9B9E /* NavigationBarView.swift */ = {isa = PBXFileReference; lastKnownFileType = sourcecode.swift; path = NavigationBarView.swift; sourceTree = "<group>"; };
		F724E35529B0EF05006C9B9E /* TitleView.swift */ = {isa = PBXFileReference; lastKnownFileType = sourcecode.swift; path = TitleView.swift; sourceTree = "<group>"; };
		F724E35729B0EF53006C9B9E /* CardView.swift */ = {isa = PBXFileReference; lastKnownFileType = sourcecode.swift; path = CardView.swift; sourceTree = "<group>"; };
		F724E35D29B0F380006C9B9E /* IconViewModifier.swift */ = {isa = PBXFileReference; lastKnownFileType = sourcecode.swift; path = IconViewModifier.swift; sourceTree = "<group>"; };
		F724E35F29B0F67C006C9B9E /* CheckBoxView.swift */ = {isa = PBXFileReference; lastKnownFileType = sourcecode.swift; path = CheckBoxView.swift; sourceTree = "<group>"; };
		F724E36129B10967006C9B9E /* TaskAPI.swift */ = {isa = PBXFileReference; lastKnownFileType = sourcecode.swift; path = TaskAPI.swift; sourceTree = "<group>"; };
		F724E36329B10983006C9B9E /* TaskModel.swift */ = {isa = PBXFileReference; lastKnownFileType = sourcecode.swift; path = TaskModel.swift; sourceTree = "<group>"; };
		F7AAE9C829B1289D00F87C7C /* TaskViewModel.swift */ = {isa = PBXFileReference; lastKnownFileType = sourcecode.swift; path = TaskViewModel.swift; sourceTree = "<group>"; };
/* End PBXFileReference section */

/* Begin PBXFrameworksBuildPhase section */
		F724E31529B0E8CA006C9B9E /* Frameworks */ = {
			isa = PBXFrameworksBuildPhase;
			buildActionMask = 2147483647;
			files = (
			);
			runOnlyForDeploymentPostprocessing = 0;
		};
		F724E32529B0E8CC006C9B9E /* Frameworks */ = {
			isa = PBXFrameworksBuildPhase;
			buildActionMask = 2147483647;
			files = (
			);
			runOnlyForDeploymentPostprocessing = 0;
		};
		F724E32F29B0E8CC006C9B9E /* Frameworks */ = {
			isa = PBXFrameworksBuildPhase;
			buildActionMask = 2147483647;
			files = (
			);
			runOnlyForDeploymentPostprocessing = 0;
		};
/* End PBXFrameworksBuildPhase section */

/* Begin PBXGroup section */
		F724E30F29B0E8CA006C9B9E = {
			isa = PBXGroup;
			children = (
				F724E31A29B0E8CA006C9B9E /* ToDoApp */,
				F724E32B29B0E8CC006C9B9E /* ToDoAppTests */,
				F724E33529B0E8CC006C9B9E /* ToDoAppUITests */,
				F724E31929B0E8CA006C9B9E /* Products */,
			);
			sourceTree = "<group>";
		};
		F724E31929B0E8CA006C9B9E /* Products */ = {
			isa = PBXGroup;
			children = (
				F724E31829B0E8CA006C9B9E /* ToDoApp.app */,
				F724E32829B0E8CC006C9B9E /* ToDoAppTests.xctest */,
				F724E33229B0E8CC006C9B9E /* ToDoAppUITests.xctest */,
			);
			name = Products;
			sourceTree = "<group>";
		};
		F724E31A29B0E8CA006C9B9E /* ToDoApp */ = {
			isa = PBXGroup;
			children = (
				F724E34929B0E8FB006C9B9E /* App */,
				F724E34829B0E8F1006C9B9E /* Models */,
				F724E34729B0E8E6006C9B9E /* Network */,
				F724E34629B0E8DC006C9B9E /* ViewModels */,
				F724E34529B0E8D4006C9B9E /* Views */,
				F724E32129B0E8CC006C9B9E /* Preview Content */,
			);
			path = ToDoApp;
			sourceTree = "<group>";
		};
		F724E32129B0E8CC006C9B9E /* Preview Content */ = {
			isa = PBXGroup;
			children = (
				F724E32229B0E8CC006C9B9E /* Preview Assets.xcassets */,
			);
			path = "Preview Content";
			sourceTree = "<group>";
		};
		F724E32B29B0E8CC006C9B9E /* ToDoAppTests */ = {
			isa = PBXGroup;
			children = (
				F724E32C29B0E8CC006C9B9E /* ToDoAppTests.swift */,
			);
			path = ToDoAppTests;
			sourceTree = "<group>";
		};
		F724E33529B0E8CC006C9B9E /* ToDoAppUITests */ = {
			isa = PBXGroup;
			children = (
				F724E33629B0E8CC006C9B9E /* ToDoAppUITests.swift */,
				F724E33829B0E8CC006C9B9E /* ToDoAppUITestsLaunchTests.swift */,
			);
			path = ToDoAppUITests;
			sourceTree = "<group>";
		};
		F724E34529B0E8D4006C9B9E /* Views */ = {
			isa = PBXGroup;
			children = (
				F724E35C29B0F366006C9B9E /* Modifiers */,
				F724E35229B0ECB5006C9B9E /* Components */,
				F724E34A29B0EBD3006C9B9E /* MainPageView.swift */,
				F724E34C29B0EBE1006C9B9E /* SettingsView.swift */,
				F724E34E29B0EBF2006C9B9E /* CreateView.swift */,
				F724E35029B0EC00006C9B9E /* EditView.swift */,
			);
			path = Views;
			sourceTree = "<group>";
		};
		F724E34629B0E8DC006C9B9E /* ViewModels */ = {
			isa = PBXGroup;
			children = (
				F7AAE9C829B1289D00F87C7C /* TaskViewModel.swift */,
			);
			path = ViewModels;
			sourceTree = "<group>";
		};
		F724E34729B0E8E6006C9B9E /* Network */ = {
			isa = PBXGroup;
			children = (
				F724E36129B10967006C9B9E /* TaskAPI.swift */,
			);
			path = Network;
			sourceTree = "<group>";
		};
		F724E34829B0E8F1006C9B9E /* Models */ = {
			isa = PBXGroup;
			children = (
				F724E36329B10983006C9B9E /* TaskModel.swift */,
			);
			path = Models;
			sourceTree = "<group>";
		};
		F724E34929B0E8FB006C9B9E /* App */ = {
			isa = PBXGroup;
			children = (
				F724E31B29B0E8CA006C9B9E /* ToDoAppApp.swift */,
				F724E31D29B0E8CA006C9B9E /* ContentView.swift */,
				F724E31F29B0E8CC006C9B9E /* Assets.xcassets */,
			);
			path = App;
			sourceTree = "<group>";
		};
		F724E35229B0ECB5006C9B9E /* Components */ = {
			isa = PBXGroup;
			children = (
				F724E35329B0ECC7006C9B9E /* NavigationBarView.swift */,
				F724E35529B0EF05006C9B9E /* TitleView.swift */,
				F724E35729B0EF53006C9B9E /* CardView.swift */,
				F724E35F29B0F67C006C9B9E /* CheckBoxView.swift */,
			);
			path = Components;
			sourceTree = "<group>";
		};
		F724E35C29B0F366006C9B9E /* Modifiers */ = {
			isa = PBXGroup;
			children = (
				F724E35D29B0F380006C9B9E /* IconViewModifier.swift */,
			);
			path = Modifiers;
			sourceTree = "<group>";
		};
/* End PBXGroup section */

/* Begin PBXNativeTarget section */
		F724E31729B0E8CA006C9B9E /* ToDoApp */ = {
			isa = PBXNativeTarget;
			buildConfigurationList = F724E33C29B0E8CC006C9B9E /* Build configuration list for PBXNativeTarget "ToDoApp" */;
			buildPhases = (
				F724E31429B0E8CA006C9B9E /* Sources */,
				F724E31529B0E8CA006C9B9E /* Frameworks */,
				F724E31629B0E8CA006C9B9E /* Resources */,
			);
			buildRules = (
			);
			dependencies = (
			);
			name = ToDoApp;
			productName = ToDoApp;
			productReference = F724E31829B0E8CA006C9B9E /* ToDoApp.app */;
			productType = "com.apple.product-type.application";
		};
		F724E32729B0E8CC006C9B9E /* ToDoAppTests */ = {
			isa = PBXNativeTarget;
			buildConfigurationList = F724E33F29B0E8CC006C9B9E /* Build configuration list for PBXNativeTarget "ToDoAppTests" */;
			buildPhases = (
				F724E32429B0E8CC006C9B9E /* Sources */,
				F724E32529B0E8CC006C9B9E /* Frameworks */,
				F724E32629B0E8CC006C9B9E /* Resources */,
			);
			buildRules = (
			);
			dependencies = (
				F724E32A29B0E8CC006C9B9E /* PBXTargetDependency */,
			);
			name = ToDoAppTests;
			productName = ToDoAppTests;
			productReference = F724E32829B0E8CC006C9B9E /* ToDoAppTests.xctest */;
			productType = "com.apple.product-type.bundle.unit-test";
		};
		F724E33129B0E8CC006C9B9E /* ToDoAppUITests */ = {
			isa = PBXNativeTarget;
			buildConfigurationList = F724E34229B0E8CC006C9B9E /* Build configuration list for PBXNativeTarget "ToDoAppUITests" */;
			buildPhases = (
				F724E32E29B0E8CC006C9B9E /* Sources */,
				F724E32F29B0E8CC006C9B9E /* Frameworks */,
				F724E33029B0E8CC006C9B9E /* Resources */,
			);
			buildRules = (
			);
			dependencies = (
				F724E33429B0E8CC006C9B9E /* PBXTargetDependency */,
			);
			name = ToDoAppUITests;
			productName = ToDoAppUITests;
			productReference = F724E33229B0E8CC006C9B9E /* ToDoAppUITests.xctest */;
			productType = "com.apple.product-type.bundle.ui-testing";
		};
/* End PBXNativeTarget section */

/* Begin PBXProject section */
		F724E31029B0E8CA006C9B9E /* Project object */ = {
			isa = PBXProject;
			attributes = {
				BuildIndependentTargetsInParallel = 1;
				LastSwiftUpdateCheck = 1420;
				LastUpgradeCheck = 1420;
				TargetAttributes = {
					F724E31729B0E8CA006C9B9E = {
						CreatedOnToolsVersion = 14.2;
					};
					F724E32729B0E8CC006C9B9E = {
						CreatedOnToolsVersion = 14.2;
						TestTargetID = F724E31729B0E8CA006C9B9E;
					};
					F724E33129B0E8CC006C9B9E = {
						CreatedOnToolsVersion = 14.2;
						TestTargetID = F724E31729B0E8CA006C9B9E;
					};
				};
			};
			buildConfigurationList = F724E31329B0E8CA006C9B9E /* Build configuration list for PBXProject "ToDoApp" */;
			compatibilityVersion = "Xcode 14.0";
			developmentRegion = en;
			hasScannedForEncodings = 0;
			knownRegions = (
				en,
				Base,
			);
			mainGroup = F724E30F29B0E8CA006C9B9E;
			productRefGroup = F724E31929B0E8CA006C9B9E /* Products */;
			projectDirPath = "";
			projectRoot = "";
			targets = (
				F724E31729B0E8CA006C9B9E /* ToDoApp */,
				F724E32729B0E8CC006C9B9E /* ToDoAppTests */,
				F724E33129B0E8CC006C9B9E /* ToDoAppUITests */,
			);
		};
/* End PBXProject section */

/* Begin PBXResourcesBuildPhase section */
		F724E31629B0E8CA006C9B9E /* Resources */ = {
			isa = PBXResourcesBuildPhase;
			buildActionMask = 2147483647;
			files = (
				F724E32329B0E8CC006C9B9E /* Preview Assets.xcassets in Resources */,
				F724E32029B0E8CC006C9B9E /* Assets.xcassets in Resources */,
			);
			runOnlyForDeploymentPostprocessing = 0;
		};
		F724E32629B0E8CC006C9B9E /* Resources */ = {
			isa = PBXResourcesBuildPhase;
			buildActionMask = 2147483647;
			files = (
			);
			runOnlyForDeploymentPostprocessing = 0;
		};
		F724E33029B0E8CC006C9B9E /* Resources */ = {
			isa = PBXResourcesBuildPhase;
			buildActionMask = 2147483647;
			files = (
			);
			runOnlyForDeploymentPostprocessing = 0;
		};
/* End PBXResourcesBuildPhase section */

/* Begin PBXSourcesBuildPhase section */
		F724E31429B0E8CA006C9B9E /* Sources */ = {
			isa = PBXSourcesBuildPhase;
			buildActionMask = 2147483647;
			files = (
				F724E31E29B0E8CA006C9B9E /* ContentView.swift in Sources */,
				F7AAE9C929B1289D00F87C7C /* TaskViewModel.swift in Sources */,
				F724E36229B10967006C9B9E /* TaskAPI.swift in Sources */,
				F724E35829B0EF53006C9B9E /* CardView.swift in Sources */,
				F724E34D29B0EBE1006C9B9E /* SettingsView.swift in Sources */,
				F724E35129B0EC00006C9B9E /* EditView.swift in Sources */,
				F724E35E29B0F380006C9B9E /* IconViewModifier.swift in Sources */,
				F724E31C29B0E8CA006C9B9E /* ToDoAppApp.swift in Sources */,
				F724E36029B0F67C006C9B9E /* CheckBoxView.swift in Sources */,
				F724E34B29B0EBD3006C9B9E /* MainPageView.swift in Sources */,
				F724E35429B0ECC7006C9B9E /* NavigationBarView.swift in Sources */,
				F724E36429B10983006C9B9E /* TaskModel.swift in Sources */,
				F724E34F29B0EBF2006C9B9E /* CreateView.swift in Sources */,
				F724E35629B0EF05006C9B9E /* TitleView.swift in Sources */,
			);
			runOnlyForDeploymentPostprocessing = 0;
		};
		F724E32429B0E8CC006C9B9E /* Sources */ = {
			isa = PBXSourcesBuildPhase;
			buildActionMask = 2147483647;
			files = (
				F724E32D29B0E8CC006C9B9E /* ToDoAppTests.swift in Sources */,
			);
			runOnlyForDeploymentPostprocessing = 0;
		};
		F724E32E29B0E8CC006C9B9E /* Sources */ = {
			isa = PBXSourcesBuildPhase;
			buildActionMask = 2147483647;
			files = (
				F724E33929B0E8CC006C9B9E /* ToDoAppUITestsLaunchTests.swift in Sources */,
				F724E33729B0E8CC006C9B9E /* ToDoAppUITests.swift in Sources */,
			);
			runOnlyForDeploymentPostprocessing = 0;
		};
/* End PBXSourcesBuildPhase section */

/* Begin PBXTargetDependency section */
		F724E32A29B0E8CC006C9B9E /* PBXTargetDependency */ = {
			isa = PBXTargetDependency;
			target = F724E31729B0E8CA006C9B9E /* ToDoApp */;
			targetProxy = F724E32929B0E8CC006C9B9E /* PBXContainerItemProxy */;
		};
		F724E33429B0E8CC006C9B9E /* PBXTargetDependency */ = {
			isa = PBXTargetDependency;
			target = F724E31729B0E8CA006C9B9E /* ToDoApp */;
			targetProxy = F724E33329B0E8CC006C9B9E /* PBXContainerItemProxy */;
		};
/* End PBXTargetDependency section */

/* Begin XCBuildConfiguration section */
		F724E33A29B0E8CC006C9B9E /* Debug */ = {
			isa = XCBuildConfiguration;
			buildSettings = {
				ALWAYS_SEARCH_USER_PATHS = NO;
				CLANG_ANALYZER_NONNULL = YES;
				CLANG_ANALYZER_NUMBER_OBJECT_CONVERSION = YES_AGGRESSIVE;
				CLANG_CXX_LANGUAGE_STANDARD = "gnu++20";
				CLANG_ENABLE_MODULES = YES;
				CLANG_ENABLE_OBJC_ARC = YES;
				CLANG_ENABLE_OBJC_WEAK = YES;
				CLANG_WARN_BLOCK_CAPTURE_AUTORELEASING = YES;
				CLANG_WARN_BOOL_CONVERSION = YES;
				CLANG_WARN_COMMA = YES;
				CLANG_WARN_CONSTANT_CONVERSION = YES;
				CLANG_WARN_DEPRECATED_OBJC_IMPLEMENTATIONS = YES;
				CLANG_WARN_DIRECT_OBJC_ISA_USAGE = YES_ERROR;
				CLANG_WARN_DOCUMENTATION_COMMENTS = YES;
				CLANG_WARN_EMPTY_BODY = YES;
				CLANG_WARN_ENUM_CONVERSION = YES;
				CLANG_WARN_INFINITE_RECURSION = YES;
				CLANG_WARN_INT_CONVERSION = YES;
				CLANG_WARN_NON_LITERAL_NULL_CONVERSION = YES;
				CLANG_WARN_OBJC_IMPLICIT_RETAIN_SELF = YES;
				CLANG_WARN_OBJC_LITERAL_CONVERSION = YES;
				CLANG_WARN_OBJC_ROOT_CLASS = YES_ERROR;
				CLANG_WARN_QUOTED_INCLUDE_IN_FRAMEWORK_HEADER = YES;
				CLANG_WARN_RANGE_LOOP_ANALYSIS = YES;
				CLANG_WARN_STRICT_PROTOTYPES = YES;
				CLANG_WARN_SUSPICIOUS_MOVE = YES;
				CLANG_WARN_UNGUARDED_AVAILABILITY = YES_AGGRESSIVE;
				CLANG_WARN_UNREACHABLE_CODE = YES;
				CLANG_WARN__DUPLICATE_METHOD_MATCH = YES;
				COPY_PHASE_STRIP = NO;
				DEBUG_INFORMATION_FORMAT = dwarf;
				ENABLE_STRICT_OBJC_MSGSEND = YES;
				ENABLE_TESTABILITY = YES;
				GCC_C_LANGUAGE_STANDARD = gnu11;
				GCC_DYNAMIC_NO_PIC = NO;
				GCC_NO_COMMON_BLOCKS = YES;
				GCC_OPTIMIZATION_LEVEL = 0;
				GCC_PREPROCESSOR_DEFINITIONS = (
					"DEBUG=1",
					"$(inherited)",
				);
				GCC_WARN_64_TO_32_BIT_CONVERSION = YES;
				GCC_WARN_ABOUT_RETURN_TYPE = YES_ERROR;
				GCC_WARN_UNDECLARED_SELECTOR = YES;
				GCC_WARN_UNINITIALIZED_AUTOS = YES_AGGRESSIVE;
				GCC_WARN_UNUSED_FUNCTION = YES;
				GCC_WARN_UNUSED_VARIABLE = YES;
				IPHONEOS_DEPLOYMENT_TARGET = 16.2;
				MTL_ENABLE_DEBUG_INFO = INCLUDE_SOURCE;
				MTL_FAST_MATH = YES;
				ONLY_ACTIVE_ARCH = YES;
				SDKROOT = iphoneos;
				SWIFT_ACTIVE_COMPILATION_CONDITIONS = DEBUG;
				SWIFT_OPTIMIZATION_LEVEL = "-Onone";
			};
			name = Debug;
		};
		F724E33B29B0E8CC006C9B9E /* Release */ = {
			isa = XCBuildConfiguration;
			buildSettings = {
				ALWAYS_SEARCH_USER_PATHS = NO;
				CLANG_ANALYZER_NONNULL = YES;
				CLANG_ANALYZER_NUMBER_OBJECT_CONVERSION = YES_AGGRESSIVE;
				CLANG_CXX_LANGUAGE_STANDARD = "gnu++20";
				CLANG_ENABLE_MODULES = YES;
				CLANG_ENABLE_OBJC_ARC = YES;
				CLANG_ENABLE_OBJC_WEAK = YES;
				CLANG_WARN_BLOCK_CAPTURE_AUTORELEASING = YES;
				CLANG_WARN_BOOL_CONVERSION = YES;
				CLANG_WARN_COMMA = YES;
				CLANG_WARN_CONSTANT_CONVERSION = YES;
				CLANG_WARN_DEPRECATED_OBJC_IMPLEMENTATIONS = YES;
				CLANG_WARN_DIRECT_OBJC_ISA_USAGE = YES_ERROR;
				CLANG_WARN_DOCUMENTATION_COMMENTS = YES;
				CLANG_WARN_EMPTY_BODY = YES;
				CLANG_WARN_ENUM_CONVERSION = YES;
				CLANG_WARN_INFINITE_RECURSION = YES;
				CLANG_WARN_INT_CONVERSION = YES;
				CLANG_WARN_NON_LITERAL_NULL_CONVERSION = YES;
				CLANG_WARN_OBJC_IMPLICIT_RETAIN_SELF = YES;
				CLANG_WARN_OBJC_LITERAL_CONVERSION = YES;
				CLANG_WARN_OBJC_ROOT_CLASS = YES_ERROR;
				CLANG_WARN_QUOTED_INCLUDE_IN_FRAMEWORK_HEADER = YES;
				CLANG_WARN_RANGE_LOOP_ANALYSIS = YES;
				CLANG_WARN_STRICT_PROTOTYPES = YES;
				CLANG_WARN_SUSPICIOUS_MOVE = YES;
				CLANG_WARN_UNGUARDED_AVAILABILITY = YES_AGGRESSIVE;
				CLANG_WARN_UNREACHABLE_CODE = YES;
				CLANG_WARN__DUPLICATE_METHOD_MATCH = YES;
				COPY_PHASE_STRIP = NO;
				DEBUG_INFORMATION_FORMAT = "dwarf-with-dsym";
				ENABLE_NS_ASSERTIONS = NO;
				ENABLE_STRICT_OBJC_MSGSEND = YES;
				GCC_C_LANGUAGE_STANDARD = gnu11;
				GCC_NO_COMMON_BLOCKS = YES;
				GCC_WARN_64_TO_32_BIT_CONVERSION = YES;
				GCC_WARN_ABOUT_RETURN_TYPE = YES_ERROR;
				GCC_WARN_UNDECLARED_SELECTOR = YES;
				GCC_WARN_UNINITIALIZED_AUTOS = YES_AGGRESSIVE;
				GCC_WARN_UNUSED_FUNCTION = YES;
				GCC_WARN_UNUSED_VARIABLE = YES;
				IPHONEOS_DEPLOYMENT_TARGET = 16.2;
				MTL_ENABLE_DEBUG_INFO = NO;
				MTL_FAST_MATH = YES;
				SDKROOT = iphoneos;
				SWIFT_COMPILATION_MODE = wholemodule;
				SWIFT_OPTIMIZATION_LEVEL = "-O";
				VALIDATE_PRODUCT = YES;
			};
			name = Release;
		};
		F724E33D29B0E8CC006C9B9E /* Debug */ = {
			isa = XCBuildConfiguration;
			buildSettings = {
				ASSETCATALOG_COMPILER_APPICON_NAME = AppIcon;
				ASSETCATALOG_COMPILER_GLOBAL_ACCENT_COLOR_NAME = AccentColor;
				CODE_SIGN_STYLE = Automatic;
				CURRENT_PROJECT_VERSION = 1;
				DEVELOPMENT_ASSET_PATHS = "\"ToDoApp/Preview Content\"";
				DEVELOPMENT_TEAM = 77LJ2ZZH6H;
				ENABLE_PREVIEWS = YES;
				GENERATE_INFOPLIST_FILE = YES;
				INFOPLIST_KEY_UIApplicationSceneManifest_Generation = YES;
				INFOPLIST_KEY_UIApplicationSupportsIndirectInputEvents = YES;
				INFOPLIST_KEY_UILaunchScreen_Generation = YES;
				INFOPLIST_KEY_UISupportedInterfaceOrientations_iPad = "UIInterfaceOrientationPortrait UIInterfaceOrientationPortraitUpsideDown UIInterfaceOrientationLandscapeLeft UIInterfaceOrientationLandscapeRight";
				INFOPLIST_KEY_UISupportedInterfaceOrientations_iPhone = "UIInterfaceOrientationPortrait UIInterfaceOrientationLandscapeLeft UIInterfaceOrientationLandscapeRight";
				LD_RUNPATH_SEARCH_PATHS = (
					"$(inherited)",
					"@executable_path/Frameworks",
				);
				MARKETING_VERSION = 1.0;
				PRODUCT_BUNDLE_IDENTIFIER = org.buildfailed.ToDoApp;
				PRODUCT_NAME = "$(TARGET_NAME)";
				SWIFT_EMIT_LOC_STRINGS = YES;
				SWIFT_VERSION = 5.0;
				TARGETED_DEVICE_FAMILY = "1,2";
			};
			name = Debug;
		};
		F724E33E29B0E8CC006C9B9E /* Release */ = {
			isa = XCBuildConfiguration;
			buildSettings = {
				ASSETCATALOG_COMPILER_APPICON_NAME = AppIcon;
				ASSETCATALOG_COMPILER_GLOBAL_ACCENT_COLOR_NAME = AccentColor;
				CODE_SIGN_STYLE = Automatic;
				CURRENT_PROJECT_VERSION = 1;
				DEVELOPMENT_ASSET_PATHS = "\"ToDoApp/Preview Content\"";
				DEVELOPMENT_TEAM = 77LJ2ZZH6H;
				ENABLE_PREVIEWS = YES;
				GENERATE_INFOPLIST_FILE = YES;
				INFOPLIST_KEY_UIApplicationSceneManifest_Generation = YES;
				INFOPLIST_KEY_UIApplicationSupportsIndirectInputEvents = YES;
				INFOPLIST_KEY_UILaunchScreen_Generation = YES;
				INFOPLIST_KEY_UISupportedInterfaceOrientations_iPad = "UIInterfaceOrientationPortrait UIInterfaceOrientationPortraitUpsideDown UIInterfaceOrientationLandscapeLeft UIInterfaceOrientationLandscapeRight";
				INFOPLIST_KEY_UISupportedInterfaceOrientations_iPhone = "UIInterfaceOrientationPortrait UIInterfaceOrientationLandscapeLeft UIInterfaceOrientationLandscapeRight";
				LD_RUNPATH_SEARCH_PATHS = (
					"$(inherited)",
					"@executable_path/Frameworks",
				);
				MARKETING_VERSION = 1.0;
				PRODUCT_BUNDLE_IDENTIFIER = org.buildfailed.ToDoApp;
				PRODUCT_NAME = "$(TARGET_NAME)";
				SWIFT_EMIT_LOC_STRINGS = YES;
				SWIFT_VERSION = 5.0;
				TARGETED_DEVICE_FAMILY = "1,2";
			};
			name = Release;
		};
		F724E34029B0E8CC006C9B9E /* Debug */ = {
			isa = XCBuildConfiguration;
			buildSettings = {
				ALWAYS_EMBED_SWIFT_STANDARD_LIBRARIES = YES;
				BUNDLE_LOADER = "$(TEST_HOST)";
				CODE_SIGN_STYLE = Automatic;
				CURRENT_PROJECT_VERSION = 1;
				DEVELOPMENT_TEAM = 77LJ2ZZH6H;
				GENERATE_INFOPLIST_FILE = YES;
				IPHONEOS_DEPLOYMENT_TARGET = 16.2;
				MARKETING_VERSION = 1.0;
				PRODUCT_BUNDLE_IDENTIFIER = org.buildfailed.ToDoAppTests;
				PRODUCT_NAME = "$(TARGET_NAME)";
				SWIFT_EMIT_LOC_STRINGS = NO;
				SWIFT_VERSION = 5.0;
				TARGETED_DEVICE_FAMILY = "1,2";
				TEST_HOST = "$(BUILT_PRODUCTS_DIR)/ToDoApp.app/$(BUNDLE_EXECUTABLE_FOLDER_PATH)/ToDoApp";
			};
			name = Debug;
		};
		F724E34129B0E8CC006C9B9E /* Release */ = {
			isa = XCBuildConfiguration;
			buildSettings = {
				ALWAYS_EMBED_SWIFT_STANDARD_LIBRARIES = YES;
				BUNDLE_LOADER = "$(TEST_HOST)";
				CODE_SIGN_STYLE = Automatic;
				CURRENT_PROJECT_VERSION = 1;
				DEVELOPMENT_TEAM = 77LJ2ZZH6H;
				GENERATE_INFOPLIST_FILE = YES;
				IPHONEOS_DEPLOYMENT_TARGET = 16.2;
				MARKETING_VERSION = 1.0;
				PRODUCT_BUNDLE_IDENTIFIER = org.buildfailed.ToDoAppTests;
				PRODUCT_NAME = "$(TARGET_NAME)";
				SWIFT_EMIT_LOC_STRINGS = NO;
				SWIFT_VERSION = 5.0;
				TARGETED_DEVICE_FAMILY = "1,2";
				TEST_HOST = "$(BUILT_PRODUCTS_DIR)/ToDoApp.app/$(BUNDLE_EXECUTABLE_FOLDER_PATH)/ToDoApp";
			};
			name = Release;
		};
		F724E34329B0E8CC006C9B9E /* Debug */ = {
			isa = XCBuildConfiguration;
			buildSettings = {
				ALWAYS_EMBED_SWIFT_STANDARD_LIBRARIES = YES;
				CODE_SIGN_STYLE = Automatic;
				CURRENT_PROJECT_VERSION = 1;
				DEVELOPMENT_TEAM = 77LJ2ZZH6H;
				GENERATE_INFOPLIST_FILE = YES;
				MARKETING_VERSION = 1.0;
				PRODUCT_BUNDLE_IDENTIFIER = org.buildfailed.ToDoAppUITests;
				PRODUCT_NAME = "$(TARGET_NAME)";
				SWIFT_EMIT_LOC_STRINGS = NO;
				SWIFT_VERSION = 5.0;
				TARGETED_DEVICE_FAMILY = "1,2";
				TEST_TARGET_NAME = ToDoApp;
			};
			name = Debug;
		};
		F724E34429B0E8CC006C9B9E /* Release */ = {
			isa = XCBuildConfiguration;
			buildSettings = {
				ALWAYS_EMBED_SWIFT_STANDARD_LIBRARIES = YES;
				CODE_SIGN_STYLE = Automatic;
				CURRENT_PROJECT_VERSION = 1;
				DEVELOPMENT_TEAM = 77LJ2ZZH6H;
				GENERATE_INFOPLIST_FILE = YES;
				MARKETING_VERSION = 1.0;
				PRODUCT_BUNDLE_IDENTIFIER = org.buildfailed.ToDoAppUITests;
				PRODUCT_NAME = "$(TARGET_NAME)";
				SWIFT_EMIT_LOC_STRINGS = NO;
				SWIFT_VERSION = 5.0;
				TARGETED_DEVICE_FAMILY = "1,2";
				TEST_TARGET_NAME = ToDoApp;
			};
			name = Release;
		};
/* End XCBuildConfiguration section */

/* Begin XCConfigurationList section */
		F724E31329B0E8CA006C9B9E /* Build configuration list for PBXProject "ToDoApp" */ = {
			isa = XCConfigurationList;
			buildConfigurations = (
				F724E33A29B0E8CC006C9B9E /* Debug */,
				F724E33B29B0E8CC006C9B9E /* Release */,
			);
			defaultConfigurationIsVisible = 0;
			defaultConfigurationName = Release;
		};
		F724E33C29B0E8CC006C9B9E /* Build configuration list for PBXNativeTarget "ToDoApp" */ = {
			isa = XCConfigurationList;
			buildConfigurations = (
				F724E33D29B0E8CC006C9B9E /* Debug */,
				F724E33E29B0E8CC006C9B9E /* Release */,
			);
			defaultConfigurationIsVisible = 0;
			defaultConfigurationName = Release;
		};
		F724E33F29B0E8CC006C9B9E /* Build configuration list for PBXNativeTarget "ToDoAppTests" */ = {
			isa = XCConfigurationList;
			buildConfigurations = (
				F724E34029B0E8CC006C9B9E /* Debug */,
				F724E34129B0E8CC006C9B9E /* Release */,
			);
			defaultConfigurationIsVisible = 0;
			defaultConfigurationName = Release;
		};
		F724E34229B0E8CC006C9B9E /* Build configuration list for PBXNativeTarget "ToDoAppUITests" */ = {
			isa = XCConfigurationList;
			buildConfigurations = (
				F724E34329B0E8CC006C9B9E /* Debug */,
				F724E34429B0E8CC006C9B9E /* Release */,
			);
			defaultConfigurationIsVisible = 0;
			defaultConfigurationName = Release;
		};
/* End XCConfigurationList section */
	};
	rootObject = F724E31029B0E8CA006C9B9E /* Project object */;
}
